<<<<<<< HEAD
<Solution>
  <Configurations>
    <Platform Name="x64" />
    <Platform Name="x86" />
  </Configurations>
  <Project Path="Project1.vcxproj" Id="5feef2fd-be22-4b4b-ac7f-b7f1fe1d4cc9" />
</Solution>
=======
<Solution>
  <Configurations>
    <Platform Name="x64" />
    <Platform Name="x86" />
  </Configurations>
  <Project Path="Project1.vcxproj" Id="5feef2fd-be22-4b4b-ac7f-b7f1fe1d4cc9" />
</Solution>
>>>>>>> 186de74a9623080e7d7fd036ef6f1c2306e1e3fb
