<<<<<<< HEAD
<Solution>
  <Configurations>
    <Platform Name="x64" />
    <Platform Name="x86" />
  </Configurations>
  <Project Path="Project3.vcxproj" Id="0818e672-fedb-477a-9188-366af7cc7f64" />
</Solution>
=======
<Solution>
  <Configurations>
    <Platform Name="x64" />
    <Platform Name="x86" />
  </Configurations>
  <Project Path="Project3.vcxproj" Id="0818e672-fedb-477a-9188-366af7cc7f64" />
</Solution>
>>>>>>> 186de74a9623080e7d7fd036ef6f1c2306e1e3fb
